
Microsoft Visual Studio Solution File, Format Version 12.00
# Visual Studio Version 16
VisualStudioVersion = 16.0.29418.71
MinimumVisualStudioVersion = 10.0.40219.1
Project("{FAE04EC0-301F-11D3-BF4B-00C04F79EFBC}") = "Eagle9Fixer", "Eagle9Fixer\Eagle9Fixer.csproj", "{60F40D9C-6392-47A0-82FA-BADF42080F90}"
EndProject
Global
	GlobalSection(SolutionConfigurationPlatforms) = preSolution
		Debug|Any CPU = Debug|Any CPU
		Release|Any CPU = Release|Any CPU
	EndGlobalSection
	GlobalSection(ProjectConfigurationPlatforms) = postSolution
		{60F40D9C-6392-47A0-82FA-BADF42080F90}.Debug|Any CPU.ActiveCfg = Debug|Any CPU
		{60F40D9C-6392-47A0-82FA-BADF42080F90}.Debug|Any CPU.Build.0 = Debug|Any CPU
		{60F40D9C-6392-47A0-82FA-BADF42080F90}.Release|Any CPU.ActiveCfg = Release|Any CPU
		{60F40D9C-6392-47A0-82FA-BADF42080F90}.Release|Any CPU.Build.0 = Release|Any CPU
	EndGlobalSection
	GlobalSection(SolutionProperties) = preSolution
		HideSolutionNode = FALSE
	EndGlobalSection
	GlobalSection(ExtensibilityGlobals) = postSolution
		SolutionGuid = {EAAFBA00-418A-415B-BA78-AA741BC04086}
	EndGlobalSection
EndGlobal
